
Microsoft Visual Studio Solution File, Format Version 12.00
# Visual Studio Version 16
VisualStudioVersion = 16.0.30114.105
MinimumVisualStudioVersion = 10.0.40219.1
Project("{FAE04EC0-301F-11D3-BF4B-00C04F79EFBC}") = "PryEjercicio", "PryEjercicio.csproj", "{56856D50-5D4E-461A-B567-B0ADF0D3E220}"
EndProject
Project("{FAE04EC0-301F-11D3-BF4B-00C04F79EFBC}") = "BEUEjercicio", "..\BEUEjercicio\BEUEjercicio.csproj", "{7597EE57-74C3-4532-BA17-5BA6963CC12A}"
EndProject
Project("{FAE04EC0-301F-11D3-BF4B-00C04F79EFBC}") = "UIEejercicio", "..\UIEejercicio\UIEejercicio.csproj", "{7CA2BF5A-0634-4B0F-B83E-84F36B3C10A2}"
EndProject
Global
	GlobalSection(SolutionConfigurationPlatforms) = preSolution
		Debug|Any CPU = Debug|Any CPU
		Release|Any CPU = Release|Any CPU
	EndGlobalSection
	GlobalSection(ProjectConfigurationPlatforms) = postSolution
		{56856D50-5D4E-461A-B567-B0ADF0D3E220}.Debug|Any CPU.ActiveCfg = Debug|Any CPU
		{56856D50-5D4E-461A-B567-B0ADF0D3E220}.Debug|Any CPU.Build.0 = Debug|Any CPU
		{56856D50-5D4E-461A-B567-B0ADF0D3E220}.Release|Any CPU.ActiveCfg = Release|Any CPU
		{56856D50-5D4E-461A-B567-B0ADF0D3E220}.Release|Any CPU.Build.0 = Release|Any CPU
		{7597EE57-74C3-4532-BA17-5BA6963CC12A}.Debug|Any CPU.ActiveCfg = Debug|Any CPU
		{7597EE57-74C3-4532-BA17-5BA6963CC12A}.Debug|Any CPU.Build.0 = Debug|Any CPU
		{7597EE57-74C3-4532-BA17-5BA6963CC12A}.Release|Any CPU.ActiveCfg = Release|Any CPU
		{7597EE57-74C3-4532-BA17-5BA6963CC12A}.Release|Any CPU.Build.0 = Release|Any CPU
		{7CA2BF5A-0634-4B0F-B83E-84F36B3C10A2}.Debug|Any CPU.ActiveCfg = Debug|Any CPU
		{7CA2BF5A-0634-4B0F-B83E-84F36B3C10A2}.Debug|Any CPU.Build.0 = Debug|Any CPU
		{7CA2BF5A-0634-4B0F-B83E-84F36B3C10A2}.Release|Any CPU.ActiveCfg = Release|Any CPU
		{7CA2BF5A-0634-4B0F-B83E-84F36B3C10A2}.Release|Any CPU.Build.0 = Release|Any CPU
	EndGlobalSection
	GlobalSection(SolutionProperties) = preSolution
		HideSolutionNode = FALSE
	EndGlobalSection
	GlobalSection(ExtensibilityGlobals) = postSolution
		SolutionGuid = {D3D150EA-26EF-498F-B1D2-FBB843825BC9}
	EndGlobalSection
EndGlobal
